
Microsoft Visual Studio Solution File, Format Version 12.00
# Visual Studio Version 17
VisualStudioVersion = 17.1.32407.343
MinimumVisualStudioVersion = 10.0.40219.1
Project("{2150E333-8FDC-42A3-9474-1A3956D46DE8}") = "1-Temel_Programlama", "1-Temel_Programlama", "{BD8E5CB0-CC0B-459E-9417-5B2FFF29D8F9}"
EndProject
Project("{9A19103F-16F7-4668-BE54-9A1E7A4F7556}") = "a-FirstLesson", "a-FirstLesson\a-FirstLesson.csproj", "{064C84CC-700D-434E-9376-FE311330B75E}"
EndProject
Project("{9A19103F-16F7-4668-BE54-9A1E7A4F7556}") = "b-Example1", "b-Example1\b-Example1.csproj", "{732C4559-1065-42A5-9A25-5FA497D45348}"
EndProject
Project("{9A19103F-16F7-4668-BE54-9A1E7A4F7556}") = "c-Example2", "c-Example2\c-Example2.csproj", "{10CF7251-8984-4458-878C-A79A8A1DB061}"
EndProject
Project("{9A19103F-16F7-4668-BE54-9A1E7A4F7556}") = "d-Example3", "d-Example3\d-Example3.csproj", "{D7B02DFE-8CFB-418E-A970-CF5C0DE815DB}"
EndProject
Project("{9A19103F-16F7-4668-BE54-9A1E7A4F7556}") = "e-VeriTipleri_Degiskenler", "e-VeriTipleri_Degiskenler\e-VeriTipleri_Degiskenler.csproj", "{A3C14AAA-6A81-4CDF-B485-E633B29C7A59}"
EndProject
Project("{9A19103F-16F7-4668-BE54-9A1E7A4F7556}") = "f-TurDonusumleri", "f-TurDonusumleri\f-TurDonusumleri.csproj", "{4E7D1BD8-BEDB-4284-9F24-8854EB532714}"
EndProject
Project("{9A19103F-16F7-4668-BE54-9A1E7A4F7556}") = "g-DegiskenIlkUygulama", "g-DegiskenIlkUygulama\g-DegiskenIlkUygulama.csproj", "{4A949415-E391-4D10-A90C-A8A109DB3372}"
EndProject
Project("{9A19103F-16F7-4668-BE54-9A1E7A4F7556}") = "h-Degiskenler2", "h-Degiskenler2\h-Degiskenler2.csproj", "{74AA48AA-2863-4D40-865C-5C4BAE2DFDA7}"
EndProject
Project("{9A19103F-16F7-4668-BE54-9A1E7A4F7556}") = "i-TurDonusumleri2", "i-TurDonusumleri2\i-TurDonusumleri2.csproj", "{DD62CA2A-7876-4C58-951F-790278D3E6D1}"
EndProject
Project("{9A19103F-16F7-4668-BE54-9A1E7A4F7556}") = "j-Operatorler", "j-Operatorler\j-Operatorler.csproj", "{AABF1430-C689-4A79-8466-6CDF7A8CF6E3}"
EndProject
Project("{9A19103F-16F7-4668-BE54-9A1E7A4F7556}") = "k-KarsilastirmaOperatorleri", "k-KarsilastirmaOperatorleri\k-KarsilastirmaOperatorleri.csproj", "{FA710ADD-B929-446D-BE3F-F64BB8A423F4}"
EndProject
Project("{9A19103F-16F7-4668-BE54-9A1E7A4F7556}") = "l-AtYarisi", "l-AtYarisi\l-AtYarisi.csproj", "{EC0254B8-B3D4-4C62-83DF-31AEFB1EB41F}"
EndProject
Project("{9A19103F-16F7-4668-BE54-9A1E7A4F7556}") = "m-ZarAtma", "m-ZarAtma\m-ZarAtma.csproj", "{FD0C7A2F-A5A0-4DC9-9974-A8C678ECDAB5}"
EndProject
Project("{9A19103F-16F7-4668-BE54-9A1E7A4F7556}") = "n-DijitalSaat", "n-DijitalSaat\n-DijitalSaat.csproj", "{DF4B6A53-BAAF-4940-8B69-86E2BF19B597}"
EndProject
Project("{9A19103F-16F7-4668-BE54-9A1E7A4F7556}") = "o-if_KararYapisiDevam", "o-if_KararYapisiDevam\o-if_KararYapisiDevam.csproj", "{6BCA5A9A-5755-45FA-AF70-DCC5187ECC67}"
EndProject
Project("{9A19103F-16F7-4668-BE54-9A1E7A4F7556}") = "o1-if_Uygulama2", "o1-if_Uygulama2\o1-if_Uygulama2.csproj", "{BFFD305E-6FCC-4EC8-BBB2-98BCAE6271E6}"
EndProject
Project("{9A19103F-16F7-4668-BE54-9A1E7A4F7556}") = "p-KararYapilariSwitchCase", "p-KararYapilariSwitchCase\p-KararYapilariSwitchCase.csproj", "{80BC8A06-2A74-40FB-8779-AAA66E7B4B10}"
EndProject
Project("{9A19103F-16F7-4668-BE54-9A1E7A4F7556}") = "r-HataYonetimiVeHatalar", "r-HataYonetimiVeHatalar\r-HataYonetimiVeHatalar.csproj", "{54CCAFE3-D21C-41F9-9A6C-FEA2B8E10385}"
EndProject
Project("{9A19103F-16F7-4668-BE54-9A1E7A4F7556}") = "r1-Hatalar-TryCatch2", "r1-Hatalar-TryCatch2\r1-Hatalar-TryCatch2.csproj", "{01827AAB-F49F-41AB-A526-B6FA64BB03EF}"
EndProject
Project("{9A19103F-16F7-4668-BE54-9A1E7A4F7556}") = "q-Listbox-ComboboxKontrolleri", "q-Listbox-ComboboxKontrolleri\q-Listbox-ComboboxKontrolleri.csproj", "{BDFDF919-A34B-4C48-98FF-8ED92492D7E4}"
EndProject
Project("{9A19103F-16F7-4668-BE54-9A1E7A4F7556}") = "r2-RuntimeControlOlusturma", "r2-RuntimeControlOlusturma\r2-RuntimeControlOlusturma.csproj", "{22EFC338-1875-4970-90EC-FE86DE48F2CC}"
EndProject
Project("{9A19103F-16F7-4668-BE54-9A1E7A4F7556}") = "r3-RuntimeControlOlusturma2", "r3-RuntimeControlOlusturma2\r3-RuntimeControlOlusturma2.csproj", "{6513930C-5704-412C-B29A-563AA2057B55}"
EndProject
Project("{9A19103F-16F7-4668-BE54-9A1E7A4F7556}") = "s-Donguler-ForDongusu", "s-Donguler-ForDongusu\s-Donguler-ForDongusu.csproj", "{070581F6-423F-4D64-BFB2-C318D40E81D2}"
EndProject
Project("{9A19103F-16F7-4668-BE54-9A1E7A4F7556}") = "s1-ForDongusuOrnek", "s1-ForDongusuOrnek\s1-ForDongusuOrnek.csproj", "{1587EE5C-DC31-4C27-B0D5-AAAACE084BE2}"
EndProject
Project("{9A19103F-16F7-4668-BE54-9A1E7A4F7556}") = "s2-Donguler-WhileDongusu", "s2-Donguler-WhileDongusu\s2-Donguler-WhileDongusu.csproj", "{EA8A0B86-B20B-4F1A-9089-4886896BB568}"
EndProject
Project("{9A19103F-16F7-4668-BE54-9A1E7A4F7556}") = "s3-WhileDongusuOrnek", "s3-WhileDongusuOrnek\s3-WhileDongusuOrnek.csproj", "{51BDF53D-D7EE-4D65-ABD1-F8E20C964FBB}"
EndProject
Project("{9A19103F-16F7-4668-BE54-9A1E7A4F7556}") = "s4-Donguler-DoWhileDongusu", "s4-Donguler-DoWhileDongusu\s4-Donguler-DoWhileDongusu.csproj", "{0A3FF39E-B254-4676-B66C-5F9A0316682B}"
EndProject
Project("{2150E333-8FDC-42A3-9474-1A3956D46DE8}") = "2-OOP", "2-OOP", "{CADEDF85-E6FE-4A8E-BBF9-C4388A2C2360}"
EndProject
Project("{2150E333-8FDC-42A3-9474-1A3956D46DE8}") = "3-CSharp_Programlama", "3-CSharp_Programlama", "{887FF19E-4912-4C72-808E-19DCD339435F}"
EndProject
Project("{2150E333-8FDC-42A3-9474-1A3956D46DE8}") = "4-SQL_Server", "4-SQL_Server", "{73D383D9-76D0-4E36-9616-0A45A5C58412}"
EndProject
Project("{2150E333-8FDC-42A3-9474-1A3956D46DE8}") = "5-AdoNet", "5-AdoNet", "{2E366A9F-7A06-4943-BECD-D795645007AA}"
EndProject
Project("{9A19103F-16F7-4668-BE54-9A1E7A4F7556}") = "t-Diziler(Arrays)", "t-Diziler(Arrays)\t-Diziler(Arrays).csproj", "{B9C7FBDD-57DD-43FD-A8DB-2582A6051D9A}"
EndProject
Project("{9A19103F-16F7-4668-BE54-9A1E7A4F7556}") = "t1-Array-Example1", "t1-Array-Example1\t1-Array-Example1.csproj", "{FEA771EF-CB5C-4953-B1C4-F5AFFF7C2AB8}"
EndProject
Project("{9A19103F-16F7-4668-BE54-9A1E7A4F7556}") = "t2-Array-Example2", "t2-Array-Example2\t2-Array-Example2.csproj", "{5AE5780A-A3E2-40D9-9CA2-7BF2C3FCE90B}"
EndProject
Project("{9A19103F-16F7-4668-BE54-9A1E7A4F7556}") = "t3-ArraySinifi_Methodlari", "t3-ArraySinifi_Methodlari\t3-ArraySinifi_Methodlari.csproj", "{5841C388-A62D-49CE-9A58-535C8BFA5F21}"
EndProject
Project("{9A19103F-16F7-4668-BE54-9A1E7A4F7556}") = "t4-ArraySinifi_Methodlari2", "t4-ArraySinifi_Methodlari2\t4-ArraySinifi_Methodlari2.csproj", "{2EC44078-5AE3-45FC-909E-58325DE16E3B}"
EndProject
Project("{9A19103F-16F7-4668-BE54-9A1E7A4F7556}") = "t5-ArraySinifi_Methodlari3", "t5-ArraySinifi_Methodlari3\t5-ArraySinifi_Methodlari3.csproj", "{CA9DFD18-567D-4AB8-BB72-CAF9D129D743}"
EndProject
Project("{9A19103F-16F7-4668-BE54-9A1E7A4F7556}") = "u-Methods", "u-Methods\u-Methods.csproj", "{17181140-B9FF-4136-9335-E3881D2E8E0D}"
EndProject
Project("{FAE04EC0-301F-11D3-BF4B-00C04F79EFBC}") = "u1-Methods1", "u1-Methods1\u1-Methods1.csproj", "{93628494-30AB-4BEE-9332-368B72D21317}"
EndProject
Project("{FAE04EC0-301F-11D3-BF4B-00C04F79EFBC}") = "u2-MethodsExample1", "u2-MethodsExample1\u2-MethodsExample1.csproj", "{278C9F2F-E0D8-43B9-9008-D0C93E1DF010}"
EndProject
Project("{FAE04EC0-301F-11D3-BF4B-00C04F79EFBC}") = "u3-MethodsExample2", "u3-MethodsExample2\u3-MethodsExample2.csproj", "{BACA655C-3527-4274-8574-AA725C6E8924}"
EndProject
Global
	GlobalSection(SolutionConfigurationPlatforms) = preSolution
		Debug|Any CPU = Debug|Any CPU
		Release|Any CPU = Release|Any CPU
	EndGlobalSection
	GlobalSection(ProjectConfigurationPlatforms) = postSolution
		{064C84CC-700D-434E-9376-FE311330B75E}.Debug|Any CPU.ActiveCfg = Debug|Any CPU
		{064C84CC-700D-434E-9376-FE311330B75E}.Debug|Any CPU.Build.0 = Debug|Any CPU
		{064C84CC-700D-434E-9376-FE311330B75E}.Release|Any CPU.ActiveCfg = Release|Any CPU
		{064C84CC-700D-434E-9376-FE311330B75E}.Release|Any CPU.Build.0 = Release|Any CPU
		{732C4559-1065-42A5-9A25-5FA497D45348}.Debug|Any CPU.ActiveCfg = Debug|Any CPU
		{732C4559-1065-42A5-9A25-5FA497D45348}.Debug|Any CPU.Build.0 = Debug|Any CPU
		{732C4559-1065-42A5-9A25-5FA497D45348}.Release|Any CPU.ActiveCfg = Release|Any CPU
		{732C4559-1065-42A5-9A25-5FA497D45348}.Release|Any CPU.Build.0 = Release|Any CPU
		{10CF7251-8984-4458-878C-A79A8A1DB061}.Debug|Any CPU.ActiveCfg = Debug|Any CPU
		{10CF7251-8984-4458-878C-A79A8A1DB061}.Debug|Any CPU.Build.0 = Debug|Any CPU
		{10CF7251-8984-4458-878C-A79A8A1DB061}.Release|Any CPU.ActiveCfg = Release|Any CPU
		{10CF7251-8984-4458-878C-A79A8A1DB061}.Release|Any CPU.Build.0 = Release|Any CPU
		{D7B02DFE-8CFB-418E-A970-CF5C0DE815DB}.Debug|Any CPU.ActiveCfg = Debug|Any CPU
		{D7B02DFE-8CFB-418E-A970-CF5C0DE815DB}.Debug|Any CPU.Build.0 = Debug|Any CPU
		{D7B02DFE-8CFB-418E-A970-CF5C0DE815DB}.Release|Any CPU.ActiveCfg = Release|Any CPU
		{D7B02DFE-8CFB-418E-A970-CF5C0DE815DB}.Release|Any CPU.Build.0 = Release|Any CPU
		{A3C14AAA-6A81-4CDF-B485-E633B29C7A59}.Debug|Any CPU.ActiveCfg = Debug|Any CPU
		{A3C14AAA-6A81-4CDF-B485-E633B29C7A59}.Debug|Any CPU.Build.0 = Debug|Any CPU
		{A3C14AAA-6A81-4CDF-B485-E633B29C7A59}.Release|Any CPU.ActiveCfg = Release|Any CPU
		{A3C14AAA-6A81-4CDF-B485-E633B29C7A59}.Release|Any CPU.Build.0 = Release|Any CPU
		{4E7D1BD8-BEDB-4284-9F24-8854EB532714}.Debug|Any CPU.ActiveCfg = Debug|Any CPU
		{4E7D1BD8-BEDB-4284-9F24-8854EB532714}.Debug|Any CPU.Build.0 = Debug|Any CPU
		{4E7D1BD8-BEDB-4284-9F24-8854EB532714}.Release|Any CPU.ActiveCfg = Release|Any CPU
		{4E7D1BD8-BEDB-4284-9F24-8854EB532714}.Release|Any CPU.Build.0 = Release|Any CPU
		{4A949415-E391-4D10-A90C-A8A109DB3372}.Debug|Any CPU.ActiveCfg = Debug|Any CPU
		{4A949415-E391-4D10-A90C-A8A109DB3372}.Debug|Any CPU.Build.0 = Debug|Any CPU
		{4A949415-E391-4D10-A90C-A8A109DB3372}.Release|Any CPU.ActiveCfg = Release|Any CPU
		{4A949415-E391-4D10-A90C-A8A109DB3372}.Release|Any CPU.Build.0 = Release|Any CPU
		{74AA48AA-2863-4D40-865C-5C4BAE2DFDA7}.Debug|Any CPU.ActiveCfg = Debug|Any CPU
		{74AA48AA-2863-4D40-865C-5C4BAE2DFDA7}.Debug|Any CPU.Build.0 = Debug|Any CPU
		{74AA48AA-2863-4D40-865C-5C4BAE2DFDA7}.Release|Any CPU.ActiveCfg = Release|Any CPU
		{74AA48AA-2863-4D40-865C-5C4BAE2DFDA7}.Release|Any CPU.Build.0 = Release|Any CPU
		{DD62CA2A-7876-4C58-951F-790278D3E6D1}.Debug|Any CPU.ActiveCfg = Debug|Any CPU
		{DD62CA2A-7876-4C58-951F-790278D3E6D1}.Debug|Any CPU.Build.0 = Debug|Any CPU
		{DD62CA2A-7876-4C58-951F-790278D3E6D1}.Release|Any CPU.ActiveCfg = Release|Any CPU
		{DD62CA2A-7876-4C58-951F-790278D3E6D1}.Release|Any CPU.Build.0 = Release|Any CPU
		{AABF1430-C689-4A79-8466-6CDF7A8CF6E3}.Debug|Any CPU.ActiveCfg = Debug|Any CPU
		{AABF1430-C689-4A79-8466-6CDF7A8CF6E3}.Debug|Any CPU.Build.0 = Debug|Any CPU
		{AABF1430-C689-4A79-8466-6CDF7A8CF6E3}.Release|Any CPU.ActiveCfg = Release|Any CPU
		{AABF1430-C689-4A79-8466-6CDF7A8CF6E3}.Release|Any CPU.Build.0 = Release|Any CPU
		{FA710ADD-B929-446D-BE3F-F64BB8A423F4}.Debug|Any CPU.ActiveCfg = Debug|Any CPU
		{FA710ADD-B929-446D-BE3F-F64BB8A423F4}.Debug|Any CPU.Build.0 = Debug|Any CPU
		{FA710ADD-B929-446D-BE3F-F64BB8A423F4}.Release|Any CPU.ActiveCfg = Release|Any CPU
		{FA710ADD-B929-446D-BE3F-F64BB8A423F4}.Release|Any CPU.Build.0 = Release|Any CPU
		{EC0254B8-B3D4-4C62-83DF-31AEFB1EB41F}.Debug|Any CPU.ActiveCfg = Debug|Any CPU
		{EC0254B8-B3D4-4C62-83DF-31AEFB1EB41F}.Debug|Any CPU.Build.0 = Debug|Any CPU
		{EC0254B8-B3D4-4C62-83DF-31AEFB1EB41F}.Release|Any CPU.ActiveCfg = Release|Any CPU
		{EC0254B8-B3D4-4C62-83DF-31AEFB1EB41F}.Release|Any CPU.Build.0 = Release|Any CPU
		{FD0C7A2F-A5A0-4DC9-9974-A8C678ECDAB5}.Debug|Any CPU.ActiveCfg = Debug|Any CPU
		{FD0C7A2F-A5A0-4DC9-9974-A8C678ECDAB5}.Debug|Any CPU.Build.0 = Debug|Any CPU
		{FD0C7A2F-A5A0-4DC9-9974-A8C678ECDAB5}.Release|Any CPU.ActiveCfg = Release|Any CPU
		{FD0C7A2F-A5A0-4DC9-9974-A8C678ECDAB5}.Release|Any CPU.Build.0 = Release|Any CPU
		{DF4B6A53-BAAF-4940-8B69-86E2BF19B597}.Debug|Any CPU.ActiveCfg = Debug|Any CPU
		{DF4B6A53-BAAF-4940-8B69-86E2BF19B597}.Debug|Any CPU.Build.0 = Debug|Any CPU
		{DF4B6A53-BAAF-4940-8B69-86E2BF19B597}.Release|Any CPU.ActiveCfg = Release|Any CPU
		{DF4B6A53-BAAF-4940-8B69-86E2BF19B597}.Release|Any CPU.Build.0 = Release|Any CPU
		{6BCA5A9A-5755-45FA-AF70-DCC5187ECC67}.Debug|Any CPU.ActiveCfg = Debug|Any CPU
		{6BCA5A9A-5755-45FA-AF70-DCC5187ECC67}.Debug|Any CPU.Build.0 = Debug|Any CPU
		{6BCA5A9A-5755-45FA-AF70-DCC5187ECC67}.Release|Any CPU.ActiveCfg = Release|Any CPU
		{6BCA5A9A-5755-45FA-AF70-DCC5187ECC67}.Release|Any CPU.Build.0 = Release|Any CPU
		{BFFD305E-6FCC-4EC8-BBB2-98BCAE6271E6}.Debug|Any CPU.ActiveCfg = Debug|Any CPU
		{BFFD305E-6FCC-4EC8-BBB2-98BCAE6271E6}.Debug|Any CPU.Build.0 = Debug|Any CPU
		{BFFD305E-6FCC-4EC8-BBB2-98BCAE6271E6}.Release|Any CPU.ActiveCfg = Release|Any CPU
		{BFFD305E-6FCC-4EC8-BBB2-98BCAE6271E6}.Release|Any CPU.Build.0 = Release|Any CPU
		{80BC8A06-2A74-40FB-8779-AAA66E7B4B10}.Debug|Any CPU.ActiveCfg = Debug|Any CPU
		{80BC8A06-2A74-40FB-8779-AAA66E7B4B10}.Debug|Any CPU.Build.0 = Debug|Any CPU
		{80BC8A06-2A74-40FB-8779-AAA66E7B4B10}.Release|Any CPU.ActiveCfg = Release|Any CPU
		{80BC8A06-2A74-40FB-8779-AAA66E7B4B10}.Release|Any CPU.Build.0 = Release|Any CPU
		{54CCAFE3-D21C-41F9-9A6C-FEA2B8E10385}.Debug|Any CPU.ActiveCfg = Debug|Any CPU
		{54CCAFE3-D21C-41F9-9A6C-FEA2B8E10385}.Debug|Any CPU.Build.0 = Debug|Any CPU
		{54CCAFE3-D21C-41F9-9A6C-FEA2B8E10385}.Release|Any CPU.ActiveCfg = Release|Any CPU
		{54CCAFE3-D21C-41F9-9A6C-FEA2B8E10385}.Release|Any CPU.Build.0 = Release|Any CPU
		{01827AAB-F49F-41AB-A526-B6FA64BB03EF}.Debug|Any CPU.ActiveCfg = Debug|Any CPU
		{01827AAB-F49F-41AB-A526-B6FA64BB03EF}.Debug|Any CPU.Build.0 = Debug|Any CPU
		{01827AAB-F49F-41AB-A526-B6FA64BB03EF}.Release|Any CPU.ActiveCfg = Release|Any CPU
		{01827AAB-F49F-41AB-A526-B6FA64BB03EF}.Release|Any CPU.Build.0 = Release|Any CPU
		{BDFDF919-A34B-4C48-98FF-8ED92492D7E4}.Debug|Any CPU.ActiveCfg = Debug|Any CPU
		{BDFDF919-A34B-4C48-98FF-8ED92492D7E4}.Debug|Any CPU.Build.0 = Debug|Any CPU
		{BDFDF919-A34B-4C48-98FF-8ED92492D7E4}.Release|Any CPU.ActiveCfg = Release|Any CPU
		{BDFDF919-A34B-4C48-98FF-8ED92492D7E4}.Release|Any CPU.Build.0 = Release|Any CPU
		{22EFC338-1875-4970-90EC-FE86DE48F2CC}.Debug|Any CPU.ActiveCfg = Debug|Any CPU
		{22EFC338-1875-4970-90EC-FE86DE48F2CC}.Debug|Any CPU.Build.0 = Debug|Any CPU
		{22EFC338-1875-4970-90EC-FE86DE48F2CC}.Release|Any CPU.ActiveCfg = Release|Any CPU
		{22EFC338-1875-4970-90EC-FE86DE48F2CC}.Release|Any CPU.Build.0 = Release|Any CPU
		{6513930C-5704-412C-B29A-563AA2057B55}.Debug|Any CPU.ActiveCfg = Debug|Any CPU
		{6513930C-5704-412C-B29A-563AA2057B55}.Debug|Any CPU.Build.0 = Debug|Any CPU
		{6513930C-5704-412C-B29A-563AA2057B55}.Release|Any CPU.ActiveCfg = Release|Any CPU
		{6513930C-5704-412C-B29A-563AA2057B55}.Release|Any CPU.Build.0 = Release|Any CPU
		{070581F6-423F-4D64-BFB2-C318D40E81D2}.Debug|Any CPU.ActiveCfg = Debug|Any CPU
		{070581F6-423F-4D64-BFB2-C318D40E81D2}.Debug|Any CPU.Build.0 = Debug|Any CPU
		{070581F6-423F-4D64-BFB2-C318D40E81D2}.Release|Any CPU.ActiveCfg = Release|Any CPU
		{070581F6-423F-4D64-BFB2-C318D40E81D2}.Release|Any CPU.Build.0 = Release|Any CPU
		{1587EE5C-DC31-4C27-B0D5-AAAACE084BE2}.Debug|Any CPU.ActiveCfg = Debug|Any CPU
		{1587EE5C-DC31-4C27-B0D5-AAAACE084BE2}.Debug|Any CPU.Build.0 = Debug|Any CPU
		{1587EE5C-DC31-4C27-B0D5-AAAACE084BE2}.Release|Any CPU.ActiveCfg = Release|Any CPU
		{1587EE5C-DC31-4C27-B0D5-AAAACE084BE2}.Release|Any CPU.Build.0 = Release|Any CPU
		{EA8A0B86-B20B-4F1A-9089-4886896BB568}.Debug|Any CPU.ActiveCfg = Debug|Any CPU
		{EA8A0B86-B20B-4F1A-9089-4886896BB568}.Debug|Any CPU.Build.0 = Debug|Any CPU
		{EA8A0B86-B20B-4F1A-9089-4886896BB568}.Release|Any CPU.ActiveCfg = Release|Any CPU
		{EA8A0B86-B20B-4F1A-9089-4886896BB568}.Release|Any CPU.Build.0 = Release|Any CPU
		{51BDF53D-D7EE-4D65-ABD1-F8E20C964FBB}.Debug|Any CPU.ActiveCfg = Debug|Any CPU
		{51BDF53D-D7EE-4D65-ABD1-F8E20C964FBB}.Debug|Any CPU.Build.0 = Debug|Any CPU
		{51BDF53D-D7EE-4D65-ABD1-F8E20C964FBB}.Release|Any CPU.ActiveCfg = Release|Any CPU
		{51BDF53D-D7EE-4D65-ABD1-F8E20C964FBB}.Release|Any CPU.Build.0 = Release|Any CPU
		{0A3FF39E-B254-4676-B66C-5F9A0316682B}.Debug|Any CPU.ActiveCfg = Debug|Any CPU
		{0A3FF39E-B254-4676-B66C-5F9A0316682B}.Debug|Any CPU.Build.0 = Debug|Any CPU
		{0A3FF39E-B254-4676-B66C-5F9A0316682B}.Release|Any CPU.ActiveCfg = Release|Any CPU
		{0A3FF39E-B254-4676-B66C-5F9A0316682B}.Release|Any CPU.Build.0 = Release|Any CPU
		{B9C7FBDD-57DD-43FD-A8DB-2582A6051D9A}.Debug|Any CPU.ActiveCfg = Debug|Any CPU
		{B9C7FBDD-57DD-43FD-A8DB-2582A6051D9A}.Debug|Any CPU.Build.0 = Debug|Any CPU
		{B9C7FBDD-57DD-43FD-A8DB-2582A6051D9A}.Release|Any CPU.ActiveCfg = Release|Any CPU
		{B9C7FBDD-57DD-43FD-A8DB-2582A6051D9A}.Release|Any CPU.Build.0 = Release|Any CPU
		{FEA771EF-CB5C-4953-B1C4-F5AFFF7C2AB8}.Debug|Any CPU.ActiveCfg = Debug|Any CPU
		{FEA771EF-CB5C-4953-B1C4-F5AFFF7C2AB8}.Debug|Any CPU.Build.0 = Debug|Any CPU
		{FEA771EF-CB5C-4953-B1C4-F5AFFF7C2AB8}.Release|Any CPU.ActiveCfg = Release|Any CPU
		{FEA771EF-CB5C-4953-B1C4-F5AFFF7C2AB8}.Release|Any CPU.Build.0 = Release|Any CPU
		{5AE5780A-A3E2-40D9-9CA2-7BF2C3FCE90B}.Debug|Any CPU.ActiveCfg = Debug|Any CPU
		{5AE5780A-A3E2-40D9-9CA2-7BF2C3FCE90B}.Debug|Any CPU.Build.0 = Debug|Any CPU
		{5AE5780A-A3E2-40D9-9CA2-7BF2C3FCE90B}.Release|Any CPU.ActiveCfg = Release|Any CPU
		{5AE5780A-A3E2-40D9-9CA2-7BF2C3FCE90B}.Release|Any CPU.Build.0 = Release|Any CPU
		{5841C388-A62D-49CE-9A58-535C8BFA5F21}.Debug|Any CPU.ActiveCfg = Debug|Any CPU
		{5841C388-A62D-49CE-9A58-535C8BFA5F21}.Debug|Any CPU.Build.0 = Debug|Any CPU
		{5841C388-A62D-49CE-9A58-535C8BFA5F21}.Release|Any CPU.ActiveCfg = Release|Any CPU
		{5841C388-A62D-49CE-9A58-535C8BFA5F21}.Release|Any CPU.Build.0 = Release|Any CPU
		{2EC44078-5AE3-45FC-909E-58325DE16E3B}.Debug|Any CPU.ActiveCfg = Debug|Any CPU
		{2EC44078-5AE3-45FC-909E-58325DE16E3B}.Debug|Any CPU.Build.0 = Debug|Any CPU
		{2EC44078-5AE3-45FC-909E-58325DE16E3B}.Release|Any CPU.ActiveCfg = Release|Any CPU
		{2EC44078-5AE3-45FC-909E-58325DE16E3B}.Release|Any CPU.Build.0 = Release|Any CPU
		{CA9DFD18-567D-4AB8-BB72-CAF9D129D743}.Debug|Any CPU.ActiveCfg = Debug|Any CPU
		{CA9DFD18-567D-4AB8-BB72-CAF9D129D743}.Debug|Any CPU.Build.0 = Debug|Any CPU
		{CA9DFD18-567D-4AB8-BB72-CAF9D129D743}.Release|Any CPU.ActiveCfg = Release|Any CPU
		{CA9DFD18-567D-4AB8-BB72-CAF9D129D743}.Release|Any CPU.Build.0 = Release|Any CPU
		{17181140-B9FF-4136-9335-E3881D2E8E0D}.Debug|Any CPU.ActiveCfg = Debug|Any CPU
		{17181140-B9FF-4136-9335-E3881D2E8E0D}.Debug|Any CPU.Build.0 = Debug|Any CPU
		{17181140-B9FF-4136-9335-E3881D2E8E0D}.Release|Any CPU.ActiveCfg = Release|Any CPU
		{17181140-B9FF-4136-9335-E3881D2E8E0D}.Release|Any CPU.Build.0 = Release|Any CPU
		{93628494-30AB-4BEE-9332-368B72D21317}.Debug|Any CPU.ActiveCfg = Debug|Any CPU
		{93628494-30AB-4BEE-9332-368B72D21317}.Debug|Any CPU.Build.0 = Debug|Any CPU
		{93628494-30AB-4BEE-9332-368B72D21317}.Release|Any CPU.ActiveCfg = Release|Any CPU
		{93628494-30AB-4BEE-9332-368B72D21317}.Release|Any CPU.Build.0 = Release|Any CPU
		{278C9F2F-E0D8-43B9-9008-D0C93E1DF010}.Debug|Any CPU.ActiveCfg = Debug|Any CPU
		{278C9F2F-E0D8-43B9-9008-D0C93E1DF010}.Debug|Any CPU.Build.0 = Debug|Any CPU
		{278C9F2F-E0D8-43B9-9008-D0C93E1DF010}.Release|Any CPU.ActiveCfg = Release|Any CPU
		{278C9F2F-E0D8-43B9-9008-D0C93E1DF010}.Release|Any CPU.Build.0 = Release|Any CPU
		{BACA655C-3527-4274-8574-AA725C6E8924}.Debug|Any CPU.ActiveCfg = Debug|Any CPU
		{BACA655C-3527-4274-8574-AA725C6E8924}.Debug|Any CPU.Build.0 = Debug|Any CPU
		{BACA655C-3527-4274-8574-AA725C6E8924}.Release|Any CPU.ActiveCfg = Release|Any CPU
		{BACA655C-3527-4274-8574-AA725C6E8924}.Release|Any CPU.Build.0 = Release|Any CPU
	EndGlobalSection
	GlobalSection(SolutionProperties) = preSolution
		HideSolutionNode = FALSE
	EndGlobalSection
	GlobalSection(NestedProjects) = preSolution
		{064C84CC-700D-434E-9376-FE311330B75E} = {BD8E5CB0-CC0B-459E-9417-5B2FFF29D8F9}
		{732C4559-1065-42A5-9A25-5FA497D45348} = {BD8E5CB0-CC0B-459E-9417-5B2FFF29D8F9}
		{10CF7251-8984-4458-878C-A79A8A1DB061} = {BD8E5CB0-CC0B-459E-9417-5B2FFF29D8F9}
		{D7B02DFE-8CFB-418E-A970-CF5C0DE815DB} = {BD8E5CB0-CC0B-459E-9417-5B2FFF29D8F9}
		{A3C14AAA-6A81-4CDF-B485-E633B29C7A59} = {BD8E5CB0-CC0B-459E-9417-5B2FFF29D8F9}
		{4E7D1BD8-BEDB-4284-9F24-8854EB532714} = {BD8E5CB0-CC0B-459E-9417-5B2FFF29D8F9}
		{4A949415-E391-4D10-A90C-A8A109DB3372} = {BD8E5CB0-CC0B-459E-9417-5B2FFF29D8F9}
		{74AA48AA-2863-4D40-865C-5C4BAE2DFDA7} = {BD8E5CB0-CC0B-459E-9417-5B2FFF29D8F9}
		{DD62CA2A-7876-4C58-951F-790278D3E6D1} = {BD8E5CB0-CC0B-459E-9417-5B2FFF29D8F9}
		{AABF1430-C689-4A79-8466-6CDF7A8CF6E3} = {BD8E5CB0-CC0B-459E-9417-5B2FFF29D8F9}
		{FA710ADD-B929-446D-BE3F-F64BB8A423F4} = {BD8E5CB0-CC0B-459E-9417-5B2FFF29D8F9}
		{EC0254B8-B3D4-4C62-83DF-31AEFB1EB41F} = {BD8E5CB0-CC0B-459E-9417-5B2FFF29D8F9}
		{FD0C7A2F-A5A0-4DC9-9974-A8C678ECDAB5} = {BD8E5CB0-CC0B-459E-9417-5B2FFF29D8F9}
		{DF4B6A53-BAAF-4940-8B69-86E2BF19B597} = {BD8E5CB0-CC0B-459E-9417-5B2FFF29D8F9}
		{6BCA5A9A-5755-45FA-AF70-DCC5187ECC67} = {BD8E5CB0-CC0B-459E-9417-5B2FFF29D8F9}
		{BFFD305E-6FCC-4EC8-BBB2-98BCAE6271E6} = {BD8E5CB0-CC0B-459E-9417-5B2FFF29D8F9}
		{80BC8A06-2A74-40FB-8779-AAA66E7B4B10} = {BD8E5CB0-CC0B-459E-9417-5B2FFF29D8F9}
		{54CCAFE3-D21C-41F9-9A6C-FEA2B8E10385} = {BD8E5CB0-CC0B-459E-9417-5B2FFF29D8F9}
		{01827AAB-F49F-41AB-A526-B6FA64BB03EF} = {BD8E5CB0-CC0B-459E-9417-5B2FFF29D8F9}
		{BDFDF919-A34B-4C48-98FF-8ED92492D7E4} = {BD8E5CB0-CC0B-459E-9417-5B2FFF29D8F9}
		{22EFC338-1875-4970-90EC-FE86DE48F2CC} = {BD8E5CB0-CC0B-459E-9417-5B2FFF29D8F9}
		{6513930C-5704-412C-B29A-563AA2057B55} = {BD8E5CB0-CC0B-459E-9417-5B2FFF29D8F9}
		{070581F6-423F-4D64-BFB2-C318D40E81D2} = {BD8E5CB0-CC0B-459E-9417-5B2FFF29D8F9}
		{1587EE5C-DC31-4C27-B0D5-AAAACE084BE2} = {BD8E5CB0-CC0B-459E-9417-5B2FFF29D8F9}
		{EA8A0B86-B20B-4F1A-9089-4886896BB568} = {BD8E5CB0-CC0B-459E-9417-5B2FFF29D8F9}
		{51BDF53D-D7EE-4D65-ABD1-F8E20C964FBB} = {BD8E5CB0-CC0B-459E-9417-5B2FFF29D8F9}
		{0A3FF39E-B254-4676-B66C-5F9A0316682B} = {BD8E5CB0-CC0B-459E-9417-5B2FFF29D8F9}
		{B9C7FBDD-57DD-43FD-A8DB-2582A6051D9A} = {BD8E5CB0-CC0B-459E-9417-5B2FFF29D8F9}
		{FEA771EF-CB5C-4953-B1C4-F5AFFF7C2AB8} = {BD8E5CB0-CC0B-459E-9417-5B2FFF29D8F9}
		{5AE5780A-A3E2-40D9-9CA2-7BF2C3FCE90B} = {BD8E5CB0-CC0B-459E-9417-5B2FFF29D8F9}
		{5841C388-A62D-49CE-9A58-535C8BFA5F21} = {BD8E5CB0-CC0B-459E-9417-5B2FFF29D8F9}
		{2EC44078-5AE3-45FC-909E-58325DE16E3B} = {BD8E5CB0-CC0B-459E-9417-5B2FFF29D8F9}
		{CA9DFD18-567D-4AB8-BB72-CAF9D129D743} = {BD8E5CB0-CC0B-459E-9417-5B2FFF29D8F9}
		{17181140-B9FF-4136-9335-E3881D2E8E0D} = {BD8E5CB0-CC0B-459E-9417-5B2FFF29D8F9}
		{93628494-30AB-4BEE-9332-368B72D21317} = {BD8E5CB0-CC0B-459E-9417-5B2FFF29D8F9}
		{278C9F2F-E0D8-43B9-9008-D0C93E1DF010} = {BD8E5CB0-CC0B-459E-9417-5B2FFF29D8F9}
		{BACA655C-3527-4274-8574-AA725C6E8924} = {BD8E5CB0-CC0B-459E-9417-5B2FFF29D8F9}
	EndGlobalSection
	GlobalSection(ExtensibilityGlobals) = postSolution
		SolutionGuid = {94508A64-9A03-4EFC-804F-5C7095508A2A}
	EndGlobalSection
EndGlobal
